
Microsoft Visual Studio Solution File, Format Version 12.00
# Visual Studio Version 17
VisualStudioVersion = 17.10.35013.160
MinimumVisualStudioVersion = 10.0.40219.1
Project("{9A19103F-16F7-4668-BE54-9A1E7A4F7556}") = "TaskManagementSystem.Data", "TaskManagementSystem.Data\TaskManagementSystem.Data.csproj", "{38D665FF-3194-4CB1-A752-480573947F25}"
EndProject
Project("{9A19103F-16F7-4668-BE54-9A1E7A4F7556}") = "TaskManagmentSystem.Business", "TaskManagmentSystem.Models\TaskManagmentSystem.Business.csproj", "{ACC68779-1FC1-47BD-A219-FD6446B4B3FD}"
EndProject
Project("{9A19103F-16F7-4668-BE54-9A1E7A4F7556}") = "TaskManagementSystem.Models", "TaskManagementSystem.Models\TaskManagementSystem.Models.csproj", "{135DA551-447F-4CDD-B62B-5FB4D815AAD4}"
EndProject
Project("{FAE04EC0-301F-11D3-BF4B-00C04F79EFBC}") = "TaskManagementSystem.Api", "TaskManagementSystem.Api\TaskManagementSystem.Api.csproj", "{560EAF9D-48EF-4419-AE0D-428C480A0758}"
EndProject
Global
	GlobalSection(SolutionConfigurationPlatforms) = preSolution
		Debug|Any CPU = Debug|Any CPU
		Release|Any CPU = Release|Any CPU
	EndGlobalSection
	GlobalSection(ProjectConfigurationPlatforms) = postSolution
		{38D665FF-3194-4CB1-A752-480573947F25}.Debug|Any CPU.ActiveCfg = Debug|Any CPU
		{38D665FF-3194-4CB1-A752-480573947F25}.Debug|Any CPU.Build.0 = Debug|Any CPU
		{38D665FF-3194-4CB1-A752-480573947F25}.Release|Any CPU.ActiveCfg = Release|Any CPU
		{38D665FF-3194-4CB1-A752-480573947F25}.Release|Any CPU.Build.0 = Release|Any CPU
		{ACC68779-1FC1-47BD-A219-FD6446B4B3FD}.Debug|Any CPU.ActiveCfg = Debug|Any CPU
		{ACC68779-1FC1-47BD-A219-FD6446B4B3FD}.Debug|Any CPU.Build.0 = Debug|Any CPU
		{ACC68779-1FC1-47BD-A219-FD6446B4B3FD}.Release|Any CPU.ActiveCfg = Release|Any CPU
		{ACC68779-1FC1-47BD-A219-FD6446B4B3FD}.Release|Any CPU.Build.0 = Release|Any CPU
		{135DA551-447F-4CDD-B62B-5FB4D815AAD4}.Debug|Any CPU.ActiveCfg = Debug|Any CPU
		{135DA551-447F-4CDD-B62B-5FB4D815AAD4}.Debug|Any CPU.Build.0 = Debug|Any CPU
		{135DA551-447F-4CDD-B62B-5FB4D815AAD4}.Release|Any CPU.ActiveCfg = Release|Any CPU
		{135DA551-447F-4CDD-B62B-5FB4D815AAD4}.Release|Any CPU.Build.0 = Release|Any CPU
		{560EAF9D-48EF-4419-AE0D-428C480A0758}.Debug|Any CPU.ActiveCfg = Debug|Any CPU
		{560EAF9D-48EF-4419-AE0D-428C480A0758}.Debug|Any CPU.Build.0 = Debug|Any CPU
		{560EAF9D-48EF-4419-AE0D-428C480A0758}.Release|Any CPU.ActiveCfg = Release|Any CPU
		{560EAF9D-48EF-4419-AE0D-428C480A0758}.Release|Any CPU.Build.0 = Release|Any CPU
	EndGlobalSection
	GlobalSection(SolutionProperties) = preSolution
		HideSolutionNode = FALSE
	EndGlobalSection
	GlobalSection(ExtensibilityGlobals) = postSolution
		SolutionGuid = {9F622EDB-4F78-49D5-904A-6F09DB5A21D7}
	EndGlobalSection
EndGlobal
